
Microsoft Visual Studio Solution File, Format Version 12.00
# Visual Studio 2012
Project("{FAE04EC0-301F-11D3-BF4B-00C04F79EFBC}") = "hst", "hst.csproj", "{1235CC7D-D3E6-4C9D-9CE5-A213489134CC}"
EndProject
Global
	GlobalSection(SolutionConfigurationPlatforms) = preSolution
		Debug|Any CPU = Debug|Any CPU
		Release|Any CPU = Release|Any CPU
	EndGlobalSection
	GlobalSection(ProjectConfigurationPlatforms) = postSolution
		{1235CC7D-D3E6-4C9D-9CE5-A213489134CC}.Debug|Any CPU.ActiveCfg = Debug|Any CPU
		{1235CC7D-D3E6-4C9D-9CE5-A213489134CC}.Debug|Any CPU.Build.0 = Debug|Any CPU
		{1235CC7D-D3E6-4C9D-9CE5-A213489134CC}.Release|Any CPU.ActiveCfg = Release|Any CPU
		{1235CC7D-D3E6-4C9D-9CE5-A213489134CC}.Release|Any CPU.Build.0 = Release|Any CPU
	EndGlobalSection
	GlobalSection(SolutionProperties) = preSolution
		HideSolutionNode = FALSE
	EndGlobalSection
EndGlobal
